<?xml version="1.0" encoding="utf-8"?>
<Project ToolsVersion="4.0" xmlns="http://schemas.microsoft.com/developer/msbuild/2003">
  <ItemGroup>
    <Filter Include="Main">
      <UniqueIdentifier>{078bf11c-f18e-4b6e-9780-65d88a24e23d}</UniqueIdentifier>
    </Filter>
    <Filter Include="GameLogic">
      <UniqueIdentifier>{e965b01d-a41b-42b1-91ef-951493c18f6a}</UniqueIdentifier>
    </Filter>
  </ItemGroup>
  <ItemGroup>
    <ClCompile Include="main.cpp">
      <Filter>Main</Filter>
    </ClCompile>
    <ClCompile Include="SampleLogic.cpp">
      <Filter>GameLogic</Filter>
    </ClCompile>
    <ClCompile Include="ControlLight.cpp">
      <Filter>GameLogic</Filter>
    </ClCompile>
    <ClCompile Include="RegisterUserAppIinfo.cpp" />
  </ItemGroup>
  <ItemGroup>
    <ClInclude Include="SampleLogic.h">
      <Filter>GameLogic</Filter>
    </ClInclude>
    <ClInclude Include="GameLogicHeader.h">
      <Filter>GameLogic</Filter>
    </ClInclude>
    <ClInclude Include="ControlLight.h">
      <Filter>GameLogic</Filter>
    </ClInclude>
  </ItemGroup>
</Project>