<?xml version="1.0" encoding="utf-8"?>
<Project ToolsVersion="4.0" xmlns="http://schemas.microsoft.com/developer/msbuild/2003">
  <ItemGroup>
    <ClCompile Include="..\JEngine.cpp">
      <Filter>Main</Filter>
    </ClCompile>
    <ClCompile Include="..\main.cpp">
      <Filter>Main</Filter>
    </ClCompile>
    <ClCompile Include="..\WifeState.cpp">
      <Filter>CustomLogic\AIExamples_message</Filter>
    </ClCompile>
    <ClCompile Include="..\StateMachine.cpp">
      <Filter>CustomLogic\AIExamples_message</Filter>
    </ClCompile>
    <ClCompile Include="..\MinerState.cpp">
      <Filter>CustomLogic\AIExamples_message</Filter>
    </ClCompile>
    <ClCompile Include="..\BullyState.cpp">
      <Filter>CustomLogic\AIExamples_message</Filter>
    </ClCompile>
    <ClCompile Include="..\CameraController.cpp">
      <Filter>CustomLogic\ExistingLogics</Filter>
    </ClCompile>
    <ClCompile Include="..\LevelController.cpp">
      <Filter>CustomLogic\ExistingLogics</Filter>
    </ClCompile>
    <ClCompile Include="..\LightController.cpp">
      <Filter>CustomLogic\ExistingLogics</Filter>
    </ClCompile>
    <ClCompile Include="..\TestLogic.cpp">
      <Filter>CustomLogic\ExistingLogics</Filter>
    </ClCompile>
    <ClCompile Include="..\Steering.cpp">
      <Filter>CustomLogic\AIExamples_behaviors</Filter>
    </ClCompile>
    <ClCompile Include="..\Behaviors.cpp">
      <Filter>CustomLogic\AIExamples_behaviors</Filter>
    </ClCompile>
  </ItemGroup>
  <ItemGroup>
    <ClInclude Include="..\JEngine.h">
      <Filter>Main</Filter>
    </ClInclude>
    <ClInclude Include="..\WifeState.h">
      <Filter>CustomLogic\AIExamples_message</Filter>
    </ClInclude>
    <ClInclude Include="..\StateMachine.h">
      <Filter>CustomLogic\AIExamples_message</Filter>
    </ClInclude>
    <ClInclude Include="..\MinerState.h">
      <Filter>CustomLogic\AIExamples_message</Filter>
    </ClInclude>
    <ClInclude Include="..\Location.h">
      <Filter>CustomLogic\AIExamples_message</Filter>
    </ClInclude>
    <ClInclude Include="..\BullyState.h">
      <Filter>CustomLogic\AIExamples_message</Filter>
    </ClInclude>
    <ClInclude Include="..\CameraController.h">
      <Filter>CustomLogic\ExistingLogics</Filter>
    </ClInclude>
    <ClInclude Include="..\LevelController.h">
      <Filter>CustomLogic\ExistingLogics</Filter>
    </ClInclude>
    <ClInclude Include="..\LightController.h">
      <Filter>CustomLogic\ExistingLogics</Filter>
    </ClInclude>
    <ClInclude Include="..\TestLogic.h">
      <Filter>CustomLogic\ExistingLogics</Filter>
    </ClInclude>
    <ClInclude Include="..\CustomLogicHeader.h">
      <Filter>CustomLogic</Filter>
    </ClInclude>
    <ClInclude Include="..\CustomLogic.h">
      <Filter>CustomLogic</Filter>
    </ClInclude>
    <ClInclude Include="..\Steering.h">
      <Filter>CustomLogic\AIExamples_behaviors</Filter>
    </ClInclude>
  </ItemGroup>
  <ItemGroup>
    <Filter Include="CustomLogic">
      <UniqueIdentifier>{c9a76ff4-1b2d-48c3-a6f0-1a2a79688ed4}</UniqueIdentifier>
    </Filter>
    <Filter Include="Main">
      <UniqueIdentifier>{89a0d958-d371-4abd-aed1-7317268a58c1}</UniqueIdentifier>
    </Filter>
    <Filter Include="CustomLogic\ExistingLogics">
      <UniqueIdentifier>{1ebec2de-1ad8-4275-a90a-5f69dfef5652}</UniqueIdentifier>
    </Filter>
    <Filter Include="CustomLogic\AIExamples_message">
      <UniqueIdentifier>{2e717668-a6fc-4c4d-aac3-f018fed5fd36}</UniqueIdentifier>
    </Filter>
    <Filter Include="CustomLogic\AIExamples_behaviors">
      <UniqueIdentifier>{e17a3ab1-77fa-4041-9853-03682cf2efcc}</UniqueIdentifier>
    </Filter>
  </ItemGroup>
</Project>